// !$*UTF8*$!
{
	archiveVersion = 1;
	classes = {
	};
	objectVersion = 77;
	objects = {

/* Begin PBXContainerItemProxy section */
		FDA37A6A2DC4F59100F1E4B0 /* PBXContainerItemProxy */ = {
			isa = PBXContainerItemProxy;
			containerPortal = FDA37A542DC4F59000F1E4B0 /* Project object */;
			proxyType = 1;
			remoteGlobalIDString = FDA37A5B2DC4F59000F1E4B0;
			remoteInfo = GuessTheFlagApp;
		};
		FDA37A742DC4F59100F1E4B0 /* PBXContainerItemProxy */ = {
			isa = PBXContainerItemProxy;
			containerPortal = FDA37A542DC4F59000F1E4B0 /* Project object */;
			proxyType = 1;
			remoteGlobalIDString = FDA37A5B2DC4F59000F1E4B0;
			remoteInfo = GuessTheFlagApp;
		};
/* End PBXContainerItemProxy section */

/* Begin PBXFileReference section */
		FDA37A5C2DC4F59000F1E4B0 /* GuessTheFlagApp.app */ = {isa = PBXFileReference; explicitFileType = wrapper.application; includeInIndex = 0; path = GuessTheFlagApp.app; sourceTree = BUILT_PRODUCTS_DIR; };
		FDA37A692DC4F59100F1E4B0 /* GuessTheFlagAppTests.xctest */ = {isa = PBXFileReference; explicitFileType = wrapper.cfbundle; includeInIndex = 0; path = GuessTheFlagAppTests.xctest; sourceTree = BUILT_PRODUCTS_DIR; };
		FDA37A732DC4F59100F1E4B0 /* GuessTheFlagAppUITests.xctest */ = {isa = PBXFileReference; explicitFileType = wrapper.cfbundle; includeInIndex = 0; path = GuessTheFlagAppUITests.xctest; sourceTree = BUILT_PRODUCTS_DIR; };
/* End PBXFileReference section */

/* Begin PBXFileSystemSynchronizedRootGroup section */
		FDA37A5E2DC4F59000F1E4B0 /* GuessTheFlagApp */ = {
			isa = PBXFileSystemSynchronizedRootGroup;
			path = GuessTheFlagApp;
			sourceTree = "<group>";
		};
		FDA37A6C2DC4F59100F1E4B0 /* GuessTheFlagAppTests */ = {
			isa = PBXFileSystemSynchronizedRootGroup;
			path = GuessTheFlagAppTests;
			sourceTree = "<group>";
		};
		FDA37A762DC4F59100F1E4B0 /* GuessTheFlagAppUITests */ = {
			isa = PBXFileSystemSynchronizedRootGroup;
			path = GuessTheFlagAppUITests;
			sourceTree = "<group>";
		};
/* End PBXFileSystemSynchronizedRootGroup section */

/* Begin PBXFrameworksBuildPhase section */
		FDA37A592DC4F59000F1E4B0 /* Frameworks */ = {
			isa = PBXFrameworksBuildPhase;
			buildActionMask = 2147483647;
			files = (
			);
			runOnlyForDeploymentPostprocessing = 0;
		};
		FDA37A662DC4F59100F1E4B0 /* Frameworks */ = {
			isa = PBXFrameworksBuildPhase;
			buildActionMask = 2147483647;
			files = (
			);
			runOnlyForDeploymentPostprocessing = 0;
		};
		FDA37A702DC4F59100F1E4B0 /* Frameworks */ = {
			isa = PBXFrameworksBuildPhase;
			buildActionMask = 2147483647;
			files = (
			);
			runOnlyForDeploymentPostprocessing = 0;
		};
/* End PBXFrameworksBuildPhase section */

/* Begin PBXGroup section */
		FDA37A532DC4F59000F1E4B0 = {
			isa = PBXGroup;
			children = (
				FDA37A5E2DC4F59000F1E4B0 /* GuessTheFlagApp */,
				FDA37A6C2DC4F59100F1E4B0 /* GuessTheFlagAppTests */,
				FDA37A762DC4F59100F1E4B0 /* GuessTheFlagAppUITests */,
				FDA37A5D2DC4F59000F1E4B0 /* Products */,
			);
			sourceTree = "<group>";
		};
		FDA37A5D2DC4F59000F1E4B0 /* Products */ = {
			isa = PBXGroup;
			children = (
				FDA37A5C2DC4F59000F1E4B0 /* GuessTheFlagApp.app */,
				FDA37A692DC4F59100F1E4B0 /* GuessTheFlagAppTests.xctest */,
				FDA37A732DC4F59100F1E4B0 /* GuessTheFlagAppUITests.xctest */,
			);
			name = Products;
			sourceTree = "<group>";
		};
/* End PBXGroup section */

/* Begin PBXNativeTarget section */
		FDA37A5B2DC4F59000F1E4B0 /* GuessTheFlagApp */ = {
			isa = PBXNativeTarget;
			buildConfigurationList = FDA37A7D2DC4F59100F1E4B0 /* Build configuration list for PBXNativeTarget "GuessTheFlagApp" */;
			buildPhases = (
				FDA37A582DC4F59000F1E4B0 /* Sources */,
				FDA37A592DC4F59000F1E4B0 /* Frameworks */,
				FDA37A5A2DC4F59000F1E4B0 /* Resources */,
			);
			buildRules = (
			);
			dependencies = (
			);
			fileSystemSynchronizedGroups = (
				FDA37A5E2DC4F59000F1E4B0 /* GuessTheFlagApp */,
			);
			name = GuessTheFlagApp;
			packageProductDependencies = (
			);
			productName = GuessTheFlagApp;
			productReference = FDA37A5C2DC4F59000F1E4B0 /* GuessTheFlagApp.app */;
			productType = "com.apple.product-type.application";
		};
		FDA37A682DC4F59100F1E4B0 /* GuessTheFlagAppTests */ = {
			isa = PBXNativeTarget;
			buildConfigurationList = FDA37A802DC4F59100F1E4B0 /* Build configuration list for PBXNativeTarget "GuessTheFlagAppTests" */;
			buildPhases = (
				FDA37A652DC4F59100F1E4B0 /* Sources */,
				FDA37A662DC4F59100F1E4B0 /* Frameworks */,
				FDA37A672DC4F59100F1E4B0 /* Resources */,
			);
			buildRules = (
			);
			dependencies = (
				FDA37A6B2DC4F59100F1E4B0 /* PBXTargetDependency */,
			);
			fileSystemSynchronizedGroups = (
				FDA37A6C2DC4F59100F1E4B0 /* GuessTheFlagAppTests */,
			);
			name = GuessTheFlagAppTests;
			packageProductDependencies = (
			);
			productName = GuessTheFlagAppTests;
			productReference = FDA37A692DC4F59100F1E4B0 /* GuessTheFlagAppTests.xctest */;
			productType = "com.apple.product-type.bundle.unit-test";
		};
		FDA37A722DC4F59100F1E4B0 /* GuessTheFlagAppUITests */ = {
			isa = PBXNativeTarget;
			buildConfigurationList = FDA37A832DC4F59100F1E4B0 /* Build configuration list for PBXNativeTarget "GuessTheFlagAppUITests" */;
			buildPhases = (
				FDA37A6F2DC4F59100F1E4B0 /* Sources */,
				FDA37A702DC4F59100F1E4B0 /* Frameworks */,
				FDA37A712DC4F59100F1E4B0 /* Resources */,
			);
			buildRules = (
			);
			dependencies = (
				FDA37A752DC4F59100F1E4B0 /* PBXTargetDependency */,
			);
			fileSystemSynchronizedGroups = (
				FDA37A762DC4F59100F1E4B0 /* GuessTheFlagAppUITests */,
			);
			name = GuessTheFlagAppUITests;
			packageProductDependencies = (
			);
			productName = GuessTheFlagAppUITests;
			productReference = FDA37A732DC4F59100F1E4B0 /* GuessTheFlagAppUITests.xctest */;
			productType = "com.apple.product-type.bundle.ui-testing";
		};
/* End PBXNativeTarget section */

/* Begin PBXProject section */
		FDA37A542DC4F59000F1E4B0 /* Project object */ = {
			isa = PBXProject;
			attributes = {
				BuildIndependentTargetsInParallel = 1;
				LastSwiftUpdateCheck = 1630;
				LastUpgradeCheck = 1630;
				TargetAttributes = {
					FDA37A5B2DC4F59000F1E4B0 = {
						CreatedOnToolsVersion = 16.3;
					};
					FDA37A682DC4F59100F1E4B0 = {
						CreatedOnToolsVersion = 16.3;
						TestTargetID = FDA37A5B2DC4F59000F1E4B0;
					};
					FDA37A722DC4F59100F1E4B0 = {
						CreatedOnToolsVersion = 16.3;
						TestTargetID = FDA37A5B2DC4F59000F1E4B0;
					};
				};
			};
			buildConfigurationList = FDA37A572DC4F59000F1E4B0 /* Build configuration list for PBXProject "GuessTheFlagApp" */;
			developmentRegion = en;
			hasScannedForEncodings = 0;
			knownRegions = (
				en,
				Base,
			);
			mainGroup = FDA37A532DC4F59000F1E4B0;
			minimizedProjectReferenceProxies = 1;
			preferredProjectObjectVersion = 77;
			productRefGroup = FDA37A5D2DC4F59000F1E4B0 /* Products */;
			projectDirPath = "";
			projectRoot = "";
			targets = (
				FDA37A5B2DC4F59000F1E4B0 /* GuessTheFlagApp */,
				FDA37A682DC4F59100F1E4B0 /* GuessTheFlagAppTests */,
				FDA37A722DC4F59100F1E4B0 /* GuessTheFlagAppUITests */,
			);
		};
/* End PBXProject section */

/* Begin PBXResourcesBuildPhase section */
		FDA37A5A2DC4F59000F1E4B0 /* Resources */ = {
			isa = PBXResourcesBuildPhase;
			buildActionMask = 2147483647;
			files = (
			);
			runOnlyForDeploymentPostprocessing = 0;
		};
		FDA37A672DC4F59100F1E4B0 /* Resources */ = {
			isa = PBXResourcesBuildPhase;
			buildActionMask = 2147483647;
			files = (
			);
			runOnlyForDeploymentPostprocessing = 0;
		};
		FDA37A712DC4F59100F1E4B0 /* Resources */ = {
			isa = PBXResourcesBuildPhase;
			buildActionMask = 2147483647;
			files = (
			);
			runOnlyForDeploymentPostprocessing = 0;
		};
/* End PBXResourcesBuildPhase section */

/* Begin PBXSourcesBuildPhase section */
		FDA37A582DC4F59000F1E4B0 /* Sources */ = {
			isa = PBXSourcesBuildPhase;
			buildActionMask = 2147483647;
			files = (
			);
			runOnlyForDeploymentPostprocessing = 0;
		};
		FDA37A652DC4F59100F1E4B0 /* Sources */ = {
			isa = PBXSourcesBuildPhase;
			buildActionMask = 2147483647;
			files = (
			);
			runOnlyForDeploymentPostprocessing = 0;
		};
		FDA37A6F2DC4F59100F1E4B0 /* Sources */ = {
			isa = PBXSourcesBuildPhase;
			buildActionMask = 2147483647;
			files = (
			);
			runOnlyForDeploymentPostprocessing = 0;
		};
/* End PBXSourcesBuildPhase section */

/* Begin PBXTargetDependency section */
		FDA37A6B2DC4F59100F1E4B0 /* PBXTargetDependency */ = {
			isa = PBXTargetDependency;
			target = FDA37A5B2DC4F59000F1E4B0 /* GuessTheFlagApp */;
			targetProxy = FDA37A6A2DC4F59100F1E4B0 /* PBXContainerItemProxy */;
		};
		FDA37A752DC4F59100F1E4B0 /* PBXTargetDependency */ = {
			isa = PBXTargetDependency;
			target = FDA37A5B2DC4F59000F1E4B0 /* GuessTheFlagApp */;
			targetProxy = FDA37A742DC4F59100F1E4B0 /* PBXContainerItemProxy */;
		};
/* End PBXTargetDependency section */

/* Begin XCBuildConfiguration section */
		FDA37A7B2DC4F59100F1E4B0 /* Debug */ = {
			isa = XCBuildConfiguration;
			buildSettings = {
				ALWAYS_SEARCH_USER_PATHS = NO;
				ASSETCATALOG_COMPILER_GENERATE_SWIFT_ASSET_SYMBOL_EXTENSIONS = YES;
				CLANG_ANALYZER_NONNULL = YES;
				CLANG_ANALYZER_NUMBER_OBJECT_CONVERSION = YES_AGGRESSIVE;
				CLANG_CXX_LANGUAGE_STANDARD = "gnu++20";
				CLANG_ENABLE_MODULES = YES;
				CLANG_ENABLE_OBJC_ARC = YES;
				CLANG_ENABLE_OBJC_WEAK = YES;
				CLANG_WARN_BLOCK_CAPTURE_AUTORELEASING = YES;
				CLANG_WARN_BOOL_CONVERSION = YES;
				CLANG_WARN_COMMA = YES;
				CLANG_WARN_CONSTANT_CONVERSION = YES;
				CLANG_WARN_DEPRECATED_OBJC_IMPLEMENTATIONS = YES;
				CLANG_WARN_DIRECT_OBJC_ISA_USAGE = YES_ERROR;
				CLANG_WARN_DOCUMENTATION_COMMENTS = YES;
				CLANG_WARN_EMPTY_BODY = YES;
				CLANG_WARN_ENUM_CONVERSION = YES;
				CLANG_WARN_INFINITE_RECURSION = YES;
				CLANG_WARN_INT_CONVERSION = YES;
				CLANG_WARN_NON_LITERAL_NULL_CONVERSION = YES;
				CLANG_WARN_OBJC_IMPLICIT_RETAIN_SELF = YES;
				CLANG_WARN_OBJC_LITERAL_CONVERSION = YES;
				CLANG_WARN_OBJC_ROOT_CLASS = YES_ERROR;
				CLANG_WARN_QUOTED_INCLUDE_IN_FRAMEWORK_HEADER = YES;
				CLANG_WARN_RANGE_LOOP_ANALYSIS = YES;
				CLANG_WARN_STRICT_PROTOTYPES = YES;
				CLANG_WARN_SUSPICIOUS_MOVE = YES;
				CLANG_WARN_UNGUARDED_AVAILABILITY = YES_AGGRESSIVE;
				CLANG_WARN_UNREACHABLE_CODE = YES;
				CLANG_WARN__DUPLICATE_METHOD_MATCH = YES;
				COPY_PHASE_STRIP = NO;
				DEBUG_INFORMATION_FORMAT = dwarf;
				ENABLE_STRICT_OBJC_MSGSEND = YES;
				ENABLE_TESTABILITY = YES;
				ENABLE_USER_SCRIPT_SANDBOXING = YES;
				GCC_C_LANGUAGE_STANDARD = gnu17;
				GCC_DYNAMIC_NO_PIC = NO;
				GCC_NO_COMMON_BLOCKS = YES;
				GCC_OPTIMIZATION_LEVEL = 0;
				GCC_PREPROCESSOR_DEFINITIONS = (
					"DEBUG=1",
					"$(inherited)",
				);
				GCC_WARN_64_TO_32_BIT_CONVERSION = YES;
				GCC_WARN_ABOUT_RETURN_TYPE = YES_ERROR;
				GCC_WARN_UNDECLARED_SELECTOR = YES;
				GCC_WARN_UNINITIALIZED_AUTOS = YES_AGGRESSIVE;
				GCC_WARN_UNUSED_FUNCTION = YES;
				GCC_WARN_UNUSED_VARIABLE = YES;
				IPHONEOS_DEPLOYMENT_TARGET = 18.4;
				LOCALIZATION_PREFERS_STRING_CATALOGS = YES;
				MTL_ENABLE_DEBUG_INFO = INCLUDE_SOURCE;
				MTL_FAST_MATH = YES;
				ONLY_ACTIVE_ARCH = YES;
				SDKROOT = iphoneos;
				SWIFT_ACTIVE_COMPILATION_CONDITIONS = "DEBUG $(inherited)";
				SWIFT_OPTIMIZATION_LEVEL = "-Onone";
			};
			name = Debug;
		};
		FDA37A7C2DC4F59100F1E4B0 /* Release */ = {
			isa = XCBuildConfiguration;
			buildSettings = {
				ALWAYS_SEARCH_USER_PATHS = NO;
				ASSETCATALOG_COMPILER_GENERATE_SWIFT_ASSET_SYMBOL_EXTENSIONS = YES;
				CLANG_ANALYZER_NONNULL = YES;
				CLANG_ANALYZER_NUMBER_OBJECT_CONVERSION = YES_AGGRESSIVE;
				CLANG_CXX_LANGUAGE_STANDARD = "gnu++20";
				CLANG_ENABLE_MODULES = YES;
				CLANG_ENABLE_OBJC_ARC = YES;
				CLANG_ENABLE_OBJC_WEAK = YES;
				CLANG_WARN_BLOCK_CAPTURE_AUTORELEASING = YES;
				CLANG_WARN_BOOL_CONVERSION = YES;
				CLANG_WARN_COMMA = YES;
				CLANG_WARN_CONSTANT_CONVERSION = YES;
				CLANG_WARN_DEPRECATED_OBJC_IMPLEMENTATIONS = YES;
				CLANG_WARN_DIRECT_OBJC_ISA_USAGE = YES_ERROR;
				CLANG_WARN_DOCUMENTATION_COMMENTS = YES;
				CLANG_WARN_EMPTY_BODY = YES;
				CLANG_WARN_ENUM_CONVERSION = YES;
				CLANG_WARN_INFINITE_RECURSION = YES;
				CLANG_WARN_INT_CONVERSION = YES;
				CLANG_WARN_NON_LITERAL_NULL_CONVERSION = YES;
				CLANG_WARN_OBJC_IMPLICIT_RETAIN_SELF = YES;
				CLANG_WARN_OBJC_LITERAL_CONVERSION = YES;
				CLANG_WARN_OBJC_ROOT_CLASS = YES_ERROR;
				CLANG_WARN_QUOTED_INCLUDE_IN_FRAMEWORK_HEADER = YES;
				CLANG_WARN_RANGE_LOOP_ANALYSIS = YES;
				CLANG_WARN_STRICT_PROTOTYPES = YES;
				CLANG_WARN_SUSPICIOUS_MOVE = YES;
				CLANG_WARN_UNGUARDED_AVAILABILITY = YES_AGGRESSIVE;
				CLANG_WARN_UNREACHABLE_CODE = YES;
				CLANG_WARN__DUPLICATE_METHOD_MATCH = YES;
				COPY_PHASE_STRIP = NO;
				DEBUG_INFORMATION_FORMAT = "dwarf-with-dsym";
				ENABLE_NS_ASSERTIONS = NO;
				ENABLE_STRICT_OBJC_MSGSEND = YES;
				ENABLE_USER_SCRIPT_SANDBOXING = YES;
				GCC_C_LANGUAGE_STANDARD = gnu17;
				GCC_NO_COMMON_BLOCKS = YES;
				GCC_WARN_64_TO_32_BIT_CONVERSION = YES;
				GCC_WARN_ABOUT_RETURN_TYPE = YES_ERROR;
				GCC_WARN_UNDECLARED_SELECTOR = YES;
				GCC_WARN_UNINITIALIZED_AUTOS = YES_AGGRESSIVE;
				GCC_WARN_UNUSED_FUNCTION = YES;
				GCC_WARN_UNUSED_VARIABLE = YES;
				IPHONEOS_DEPLOYMENT_TARGET = 18.4;
				LOCALIZATION_PREFERS_STRING_CATALOGS = YES;
				MTL_ENABLE_DEBUG_INFO = NO;
				MTL_FAST_MATH = YES;
				SDKROOT = iphoneos;
				SWIFT_COMPILATION_MODE = wholemodule;
				VALIDATE_PRODUCT = YES;
			};
			name = Release;
		};
		FDA37A7E2DC4F59100F1E4B0 /* Debug */ = {
			isa = XCBuildConfiguration;
			buildSettings = {
				ASSETCATALOG_COMPILER_APPICON_NAME = AppIcon;
				ASSETCATALOG_COMPILER_GLOBAL_ACCENT_COLOR_NAME = AccentColor;
				CODE_SIGN_STYLE = Automatic;
				CURRENT_PROJECT_VERSION = 1;
				ENABLE_PREVIEWS = YES;
				GENERATE_INFOPLIST_FILE = YES;
				INFOPLIST_KEY_UIApplicationSceneManifest_Generation = YES;
				INFOPLIST_KEY_UIApplicationSupportsIndirectInputEvents = YES;
				INFOPLIST_KEY_UILaunchScreen_Generation = YES;
				INFOPLIST_KEY_UISupportedInterfaceOrientations_iPad = "UIInterfaceOrientationPortrait UIInterfaceOrientationPortraitUpsideDown UIInterfaceOrientationLandscapeLeft UIInterfaceOrientationLandscapeRight";
				INFOPLIST_KEY_UISupportedInterfaceOrientations_iPhone = "UIInterfaceOrientationPortrait UIInterfaceOrientationLandscapeLeft UIInterfaceOrientationLandscapeRight";
				LD_RUNPATH_SEARCH_PATHS = (
					"$(inherited)",
					"@executable_path/Frameworks",
				);
				MARKETING_VERSION = 1.0;
				PRODUCT_BUNDLE_IDENTIFIER = com.meryemeroglu.GuessTheFlagApp;
				PRODUCT_NAME = "$(TARGET_NAME)";
				SWIFT_EMIT_LOC_STRINGS = YES;
				SWIFT_VERSION = 5.0;
				TARGETED_DEVICE_FAMILY = "1,2";
			};
			name = Debug;
		};
		FDA37A7F2DC4F59100F1E4B0 /* Release */ = {
			isa = XCBuildConfiguration;
			buildSettings = {
				ASSETCATALOG_COMPILER_APPICON_NAME = AppIcon;
				ASSETCATALOG_COMPILER_GLOBAL_ACCENT_COLOR_NAME = AccentColor;
				CODE_SIGN_STYLE = Automatic;
				CURRENT_PROJECT_VERSION = 1;
				ENABLE_PREVIEWS = YES;
				GENERATE_INFOPLIST_FILE = YES;
				INFOPLIST_KEY_UIApplicationSceneManifest_Generation = YES;
				INFOPLIST_KEY_UIApplicationSupportsIndirectInputEvents = YES;
				INFOPLIST_KEY_UILaunchScreen_Generation = YES;
				INFOPLIST_KEY_UISupportedInterfaceOrientations_iPad = "UIInterfaceOrientationPortrait UIInterfaceOrientationPortraitUpsideDown UIInterfaceOrientationLandscapeLeft UIInterfaceOrientationLandscapeRight";
				INFOPLIST_KEY_UISupportedInterfaceOrientations_iPhone = "UIInterfaceOrientationPortrait UIInterfaceOrientationLandscapeLeft UIInterfaceOrientationLandscapeRight";
				LD_RUNPATH_SEARCH_PATHS = (
					"$(inherited)",
					"@executable_path/Frameworks",
				);
				MARKETING_VERSION = 1.0;
				PRODUCT_BUNDLE_IDENTIFIER = com.meryemeroglu.GuessTheFlagApp;
				PRODUCT_NAME = "$(TARGET_NAME)";
				SWIFT_EMIT_LOC_STRINGS = YES;
				SWIFT_VERSION = 5.0;
				TARGETED_DEVICE_FAMILY = "1,2";
			};
			name = Release;
		};
		FDA37A812DC4F59100F1E4B0 /* Debug */ = {
			isa = XCBuildConfiguration;
			buildSettings = {
				BUNDLE_LOADER = "$(TEST_HOST)";
				CODE_SIGN_STYLE = Automatic;
				CURRENT_PROJECT_VERSION = 1;
				GENERATE_INFOPLIST_FILE = YES;
				IPHONEOS_DEPLOYMENT_TARGET = 18.4;
				MARKETING_VERSION = 1.0;
				PRODUCT_BUNDLE_IDENTIFIER = com.meryemeroglu.GuessTheFlagAppTests;
				PRODUCT_NAME = "$(TARGET_NAME)";
				SWIFT_EMIT_LOC_STRINGS = NO;
				SWIFT_VERSION = 5.0;
				TARGETED_DEVICE_FAMILY = "1,2";
				TEST_HOST = "$(BUILT_PRODUCTS_DIR)/GuessTheFlagApp.app/$(BUNDLE_EXECUTABLE_FOLDER_PATH)/GuessTheFlagApp";
			};
			name = Debug;
		};
		FDA37A822DC4F59100F1E4B0 /* Release */ = {
			isa = XCBuildConfiguration;
			buildSettings = {
				BUNDLE_LOADER = "$(TEST_HOST)";
				CODE_SIGN_STYLE = Automatic;
				CURRENT_PROJECT_VERSION = 1;
				GENERATE_INFOPLIST_FILE = YES;
				IPHONEOS_DEPLOYMENT_TARGET = 18.4;
				MARKETING_VERSION = 1.0;
				PRODUCT_BUNDLE_IDENTIFIER = com.meryemeroglu.GuessTheFlagAppTests;
				PRODUCT_NAME = "$(TARGET_NAME)";
				SWIFT_EMIT_LOC_STRINGS = NO;
				SWIFT_VERSION = 5.0;
				TARGETED_DEVICE_FAMILY = "1,2";
				TEST_HOST = "$(BUILT_PRODUCTS_DIR)/GuessTheFlagApp.app/$(BUNDLE_EXECUTABLE_FOLDER_PATH)/GuessTheFlagApp";
			};
			name = Release;
		};
		FDA37A842DC4F59100F1E4B0 /* Debug */ = {
			isa = XCBuildConfiguration;
			buildSettings = {
				CODE_SIGN_STYLE = Automatic;
				CURRENT_PROJECT_VERSION = 1;
				GENERATE_INFOPLIST_FILE = YES;
				MARKETING_VERSION = 1.0;
				PRODUCT_BUNDLE_IDENTIFIER = com.meryemeroglu.GuessTheFlagAppUITests;
				PRODUCT_NAME = "$(TARGET_NAME)";
				SWIFT_EMIT_LOC_STRINGS = NO;
				SWIFT_VERSION = 5.0;
				TARGETED_DEVICE_FAMILY = "1,2";
				TEST_TARGET_NAME = GuessTheFlagApp;
			};
			name = Debug;
		};
		FDA37A852DC4F59100F1E4B0 /* Release */ = {
			isa = XCBuildConfiguration;
			buildSettings = {
				CODE_SIGN_STYLE = Automatic;
				CURRENT_PROJECT_VERSION = 1;
				GENERATE_INFOPLIST_FILE = YES;
				MARKETING_VERSION = 1.0;
				PRODUCT_BUNDLE_IDENTIFIER = com.meryemeroglu.GuessTheFlagAppUITests;
				PRODUCT_NAME = "$(TARGET_NAME)";
				SWIFT_EMIT_LOC_STRINGS = NO;
				SWIFT_VERSION = 5.0;
				TARGETED_DEVICE_FAMILY = "1,2";
				TEST_TARGET_NAME = GuessTheFlagApp;
			};
			name = Release;
		};
/* End XCBuildConfiguration section */

/* Begin XCConfigurationList section */
		FDA37A572DC4F59000F1E4B0 /* Build configuration list for PBXProject "GuessTheFlagApp" */ = {
			isa = XCConfigurationList;
			buildConfigurations = (
				FDA37A7B2DC4F59100F1E4B0 /* Debug */,
				FDA37A7C2DC4F59100F1E4B0 /* Release */,
			);
			defaultConfigurationIsVisible = 0;
			defaultConfigurationName = Release;
		};
		FDA37A7D2DC4F59100F1E4B0 /* Build configuration list for PBXNativeTarget "GuessTheFlagApp" */ = {
			isa = XCConfigurationList;
			buildConfigurations = (
				FDA37A7E2DC4F59100F1E4B0 /* Debug */,
				FDA37A7F2DC4F59100F1E4B0 /* Release */,
			);
			defaultConfigurationIsVisible = 0;
			defaultConfigurationName = Release;
		};
		FDA37A802DC4F59100F1E4B0 /* Build configuration list for PBXNativeTarget "GuessTheFlagAppTests" */ = {
			isa = XCConfigurationList;
			buildConfigurations = (
				FDA37A812DC4F59100F1E4B0 /* Debug */,
				FDA37A822DC4F59100F1E4B0 /* Release */,
			);
			defaultConfigurationIsVisible = 0;
			defaultConfigurationName = Release;
		};
		FDA37A832DC4F59100F1E4B0 /* Build configuration list for PBXNativeTarget "GuessTheFlagAppUITests" */ = {
			isa = XCConfigurationList;
			buildConfigurations = (
				FDA37A842DC4F59100F1E4B0 /* Debug */,
				FDA37A852DC4F59100F1E4B0 /* Release */,
			);
			defaultConfigurationIsVisible = 0;
			defaultConfigurationName = Release;
		};
/* End XCConfigurationList section */
	};
	rootObject = FDA37A542DC4F59000F1E4B0 /* Project object */;
}
